<?xml version="1.0" encoding="UTF-8" standalone="yes" ?>
<CodeBlocks_project_file>
	<FileVersion major="1" minor="6" />
	<Project>
		<Option title="raspberryPenthaus" />
		<Option pch_mode="2" />
		<Option compiler="gcc" />
		<Build>
			<Target title="Debug">
				<Option output="bin/Debug/raspberryPenthaus" prefix_auto="1" extension_auto="1" />
				<Option object_output="obj/Debug/" />
				<Option type="1" />
				<Option compiler="gcc" />
				<Compiler>
					<Add option="-g" />
				</Compiler>
			</Target>
			<Target title="Release">
				<Option output="bin/Release/raspberryPenthaus" prefix_auto="1" extension_auto="1" />
				<Option object_output="obj/Release/" />
				<Option type="1" />
				<Option compiler="gcc" />
				<Compiler>
					<Add option="-O2" />
				</Compiler>
				<Linker>
					<Add option="-s" />
				</Linker>
			</Target>
		</Build>
		<Compiler>
			<Add option="-Wall" />
			<Add option="-fexceptions" />
		</Compiler>
		<Unit filename="raspberryPenthaus/ItemsPool.hpp" />
		<Unit filename="raspberryPenthaus/config.h" />
		<Unit filename="raspberryPenthaus/device/Bulb.cpp" />
		<Unit filename="raspberryPenthaus/device/Bulb.h" />
		<Unit filename="raspberryPenthaus/device/DeviceBase.h" />
		<Unit filename="raspberryPenthaus/device/DeviceManager.cpp" />
		<Unit filename="raspberryPenthaus/device/DeviceManager.h" />
		<Unit filename="raspberryPenthaus/device/IDevice.h" />
		<Unit filename="raspberryPenthaus/device/IReadable.h" />
		<Unit filename="raspberryPenthaus/device/IWriteable.h" />
		<Unit filename="raspberryPenthaus/device/LED.cpp" />
		<Unit filename="raspberryPenthaus/device/LED.h" />
		<Unit filename="raspberryPenthaus/device/LightSensor.cpp" />
		<Unit filename="raspberryPenthaus/device/LightSensor.h" />
		<Unit filename="raspberryPenthaus/device/MotionSensor.cpp" />
		<Unit filename="raspberryPenthaus/device/MotionSensor.h" />
		<Unit filename="raspberryPenthaus/device/milight/AbstractPL1167.h" />
		<Unit filename="raspberryPenthaus/device/milight/MiLightBulb.cpp" />
		<Unit filename="raspberryPenthaus/device/milight/MiLightBulb.h" />
		<Unit filename="raspberryPenthaus/device/milight/MiLightPilot.cpp" />
		<Unit filename="raspberryPenthaus/device/milight/MiLightPilot.h" />
		<Unit filename="raspberryPenthaus/device/milight/MiLightRadio.cpp" />
		<Unit filename="raspberryPenthaus/device/milight/MiLightRadio.h" />
		<Unit filename="raspberryPenthaus/device/milight/PL1167_nRF24.cpp" />
		<Unit filename="raspberryPenthaus/device/milight/PL1167_nRF24.h" />
		<Unit filename="raspberryPenthaus/device/wiringpi/WP_LED.cpp" />
		<Unit filename="raspberryPenthaus/device/wiringpi/WP_LED.h" />
		<Unit filename="raspberryPenthaus/device/wiringpi/WP_MotionSensor.cpp" />
		<Unit filename="raspberryPenthaus/device/wiringpi/WP_MotionSensor.h" />
		<Unit filename="raspberryPenthaus/device/wiringpi/WP_TSL2561.cpp" />
		<Unit filename="raspberryPenthaus/device/wiringpi/WP_TSL2561.h" />
		<Unit filename="raspberryPenthaus/event/IEvent.h" />
		<Unit filename="raspberryPenthaus/event/IEventHandler.h" />
		<Unit filename="raspberryPenthaus/event/LEDExpired.hpp" />
		<Unit filename="raspberryPenthaus/event/LightDetected.hpp" />
		<Unit filename="raspberryPenthaus/event/LightExpired.hpp" />
		<Unit filename="raspberryPenthaus/event/MotionDetected.hpp" />
		<Unit filename="raspberryPenthaus/gpio/GPIO.cpp" />
		<Unit filename="raspberryPenthaus/gpio/GPIO.h" />
		<Unit filename="raspberryPenthaus/io/IO.cpp" />
		<Unit filename="raspberryPenthaus/io/IO.h" />
		<Unit filename="raspberryPenthaus/io/StdIO.cpp" />
		<Unit filename="raspberryPenthaus/io/StdIO.h" />
		<Unit filename="raspberryPenthaus/io/network/Server.cpp" />
		<Unit filename="raspberryPenthaus/io/network/Server.h" />
		<Unit filename="raspberryPenthaus/io/network/Session.cpp" />
		<Unit filename="raspberryPenthaus/io/network/Session.h" />
		<Unit filename="raspberryPenthaus/io/network/transport/MyFrame.hpp" />
		<Unit filename="raspberryPenthaus/main.cpp" />
		<Unit filename="raspberryPenthaus/print/IToString.h" />
		<Unit filename="raspberryPenthaus/program/Commander.cpp" />
		<Unit filename="raspberryPenthaus/program/Commander.h" />
		<Unit filename="raspberryPenthaus/program/Creator.cpp" />
		<Unit filename="raspberryPenthaus/program/Creator.h" />
		<Unit filename="raspberryPenthaus/program/DeviceReader.cpp" />
		<Unit filename="raspberryPenthaus/program/DeviceReader.h" />
		<Unit filename="raspberryPenthaus/program/IDriver.h" />
		<Unit filename="raspberryPenthaus/program/LightDriver.cpp" />
		<Unit filename="raspberryPenthaus/program/LightDriver.h" />
		<Unit filename="raspberryPenthaus/program/Program.cpp" />
		<Unit filename="raspberryPenthaus/program/Program.h" />
		<Unit filename="raspberryPenthaus/prototype/IPrototype.h" />
		<Unit filename="raspberryPenthaus/prototype/PrototypeBase.h" />
		<Unit filename="raspberryPenthaus/prototype/PrototypeManager.cpp" />
		<Unit filename="raspberryPenthaus/prototype/PrototypeManager.h" />
		<Extensions>
			<code_completion />
			<debugger />
		</Extensions>
	</Project>
</CodeBlocks_project_file>
