<?xml version="1.0" encoding="utf-8"?>
<Project ToolsVersion="4.0" xmlns="http://schemas.microsoft.com/developer/msbuild/2003">
  <ItemGroup>
    <Filter Include="Source Files">
      <UniqueIdentifier>{4FC737F1-C7A5-4376-A066-2A32D752A2FF}</UniqueIdentifier>
      <Extensions>cpp;c;cc;cxx;def;odl;idl;hpj;bat;asm;asmx</Extensions>
    </Filter>
    <Filter Include="Header Files">
      <UniqueIdentifier>{93995380-89BD-4b04-88EB-625FBE52EBFB}</UniqueIdentifier>
      <Extensions>h;hh;hpp;hxx;hm;inl;inc;xsd</Extensions>
    </Filter>
    <Filter Include="Resource Files">
      <UniqueIdentifier>{67DA6AB6-F800-4c08-8B7A-83BB121AAD01}</UniqueIdentifier>
      <Extensions>rc;ico;cur;bmp;dlg;rc2;rct;bin;rgs;gif;jpg;jpeg;jpe;resx;tiff;tif;png;wav;mfcribbon-ms</Extensions>
    </Filter>
    <Filter Include="Header Files\gpio">
      <UniqueIdentifier>{f57af076-76de-4c83-a389-867f63852de1}</UniqueIdentifier>
    </Filter>
    <Filter Include="Header Files\io">
      <UniqueIdentifier>{f3d4ecf1-8b20-45f5-8a38-9613684ebada}</UniqueIdentifier>
    </Filter>
    <Filter Include="Source Files\gpio">
      <UniqueIdentifier>{050c8432-9eaa-4fe3-80f4-69ac3cf29a2a}</UniqueIdentifier>
    </Filter>
    <Filter Include="Header Files\io\network">
      <UniqueIdentifier>{7ede7d5c-857c-4583-a46c-c7717b54efcb}</UniqueIdentifier>
    </Filter>
    <Filter Include="Header Files\io\network\transport">
      <UniqueIdentifier>{7f8bad89-7a79-456b-98c0-8035fb80a2ab}</UniqueIdentifier>
    </Filter>
    <Filter Include="Source Files\io">
      <UniqueIdentifier>{0380c5a9-e9dd-443d-a337-93c7cdae6884}</UniqueIdentifier>
    </Filter>
    <Filter Include="Source Files\io\network">
      <UniqueIdentifier>{9e22cad5-50f8-4f7d-897c-31a5c6e13f6d}</UniqueIdentifier>
    </Filter>
    <Filter Include="Source Files\program">
      <UniqueIdentifier>{4ae8bc31-aa16-4375-95d0-29c73f266977}</UniqueIdentifier>
    </Filter>
    <Filter Include="Header Files\prototype">
      <UniqueIdentifier>{b504b795-2702-462b-b948-f6a6175c68eb}</UniqueIdentifier>
    </Filter>
    <Filter Include="Header Files\print">
      <UniqueIdentifier>{f3e31044-99f8-4274-8e76-c68999b00da5}</UniqueIdentifier>
    </Filter>
    <Filter Include="Header Files\program">
      <UniqueIdentifier>{edfe6370-a13b-4045-a6d0-b68643a16c6a}</UniqueIdentifier>
    </Filter>
    <Filter Include="Source Files\prototype">
      <UniqueIdentifier>{d3dfca45-ba8b-46dc-babb-c32ab2da2b03}</UniqueIdentifier>
    </Filter>
    <Filter Include="Header Files\event">
      <UniqueIdentifier>{d3ae1f4d-7937-4457-ba6e-4a103966841f}</UniqueIdentifier>
    </Filter>
    <Filter Include="Source Files\event">
      <UniqueIdentifier>{7271d973-afa4-4426-983c-d04628aa54b4}</UniqueIdentifier>
    </Filter>
    <Filter Include="Header Files\device">
      <UniqueIdentifier>{7364a5c2-0f3d-4aee-8057-c87ac1e14d13}</UniqueIdentifier>
    </Filter>
    <Filter Include="Header Files\device\wiringpi">
      <UniqueIdentifier>{f7827eb6-5630-4796-b94a-ce8e4df9ab76}</UniqueIdentifier>
    </Filter>
    <Filter Include="Source Files\device">
      <UniqueIdentifier>{e6882c8a-f40e-4716-b7e0-d498f7c8c830}</UniqueIdentifier>
    </Filter>
    <Filter Include="Source Files\device\wiringpi">
      <UniqueIdentifier>{9797c7e7-e5fd-40c6-88f3-84e77326942c}</UniqueIdentifier>
    </Filter>
  </ItemGroup>
  <ItemGroup>
    <ClInclude Include="gpio\GPIO.h">
      <Filter>Header Files\gpio</Filter>
    </ClInclude>
    <ClInclude Include="io\IO.h">
      <Filter>Header Files\io</Filter>
    </ClInclude>
    <ClInclude Include="io\StdIO.h">
      <Filter>Header Files\io</Filter>
    </ClInclude>
    <ClInclude Include="io\network\Server.h">
      <Filter>Header Files\io\network</Filter>
    </ClInclude>
    <ClInclude Include="io\network\Session.h">
      <Filter>Header Files\io\network</Filter>
    </ClInclude>
    <ClInclude Include="io\network\transport\MyFrame.hpp">
      <Filter>Header Files\io\network\transport</Filter>
    </ClInclude>
    <ClInclude Include="print\IToString.h">
      <Filter>Header Files\print</Filter>
    </ClInclude>
    <ClInclude Include="program\Commander.h">
      <Filter>Header Files\program</Filter>
    </ClInclude>
    <ClInclude Include="program\Creator.h">
      <Filter>Header Files\program</Filter>
    </ClInclude>
    <ClInclude Include="program\Program.h">
      <Filter>Header Files\program</Filter>
    </ClInclude>
    <ClInclude Include="prototype\IPrototype.h">
      <Filter>Header Files\prototype</Filter>
    </ClInclude>
    <ClInclude Include="prototype\PrototypeBase.h">
      <Filter>Header Files\prototype</Filter>
    </ClInclude>
    <ClInclude Include="prototype\PrototypeManager.h">
      <Filter>Header Files\prototype</Filter>
    </ClInclude>
    <ClInclude Include="wp.h">
      <Filter>Header Files</Filter>
    </ClInclude>
    <ClInclude Include="device\DeviceBase.h">
      <Filter>Header Files\device</Filter>
    </ClInclude>
    <ClInclude Include="device\IDevice.h">
      <Filter>Header Files\device</Filter>
    </ClInclude>
    <ClInclude Include="device\LED.h">
      <Filter>Header Files\device</Filter>
    </ClInclude>
    <ClInclude Include="device\LightSensor.h">
      <Filter>Header Files\device</Filter>
    </ClInclude>
    <ClInclude Include="device\MotionSensor.h">
      <Filter>Header Files\device</Filter>
    </ClInclude>
    <ClInclude Include="device\wiringpi\WP_LED.h">
      <Filter>Header Files\device\wiringpi</Filter>
    </ClInclude>
    <ClInclude Include="device\wiringpi\WP_MotionSensor.h">
      <Filter>Header Files\device\wiringpi</Filter>
    </ClInclude>
    <ClInclude Include="device\wiringpi\WP_TSL2561.h">
      <Filter>Header Files\device\wiringpi</Filter>
    </ClInclude>
    <ClInclude Include="device\DeviceManager.h">
      <Filter>Header Files\device</Filter>
    </ClInclude>
    <ClInclude Include="device\IReadable.h">
      <Filter>Header Files\device</Filter>
    </ClInclude>
    <ClInclude Include="device\IWriteable.h">
      <Filter>Header Files\device</Filter>
    </ClInclude>
    <ClInclude Include="program\DeviceReader.h">
      <Filter>Header Files\program</Filter>
    </ClInclude>
    <ClInclude Include="ItemsPool.hpp">
      <Filter>Header Files</Filter>
    </ClInclude>
    <ClInclude Include="event\IEvent.h">
      <Filter>Header Files\event</Filter>
    </ClInclude>
    <ClInclude Include="event\MotionDetected.hpp">
      <Filter>Header Files\event</Filter>
    </ClInclude>
    <ClInclude Include="event\LightDetected.hpp">
      <Filter>Header Files\event</Filter>
    </ClInclude>
  </ItemGroup>
  <ItemGroup>
    <ClCompile Include="gpio\GPIO.cpp">
      <Filter>Source Files\gpio</Filter>
    </ClCompile>
    <ClCompile Include="io\StdIO.cpp">
      <Filter>Source Files\io</Filter>
    </ClCompile>
    <ClCompile Include="io\network\Server.cpp">
      <Filter>Source Files\io\network</Filter>
    </ClCompile>
    <ClCompile Include="io\network\Session.cpp">
      <Filter>Source Files\io\network</Filter>
    </ClCompile>
    <ClCompile Include="program\Commander.cpp">
      <Filter>Source Files\program</Filter>
    </ClCompile>
    <ClCompile Include="program\Creator.cpp">
      <Filter>Source Files\program</Filter>
    </ClCompile>
    <ClCompile Include="program\Program.cpp">
      <Filter>Source Files\program</Filter>
    </ClCompile>
    <ClCompile Include="prototype\PrototypeManager.cpp">
      <Filter>Source Files\prototype</Filter>
    </ClCompile>
    <ClCompile Include="main.cpp">
      <Filter>Source Files</Filter>
    </ClCompile>
    <ClCompile Include="io\IO.cpp">
      <Filter>Source Files\io</Filter>
    </ClCompile>
    <ClCompile Include="device\wiringpi\WP_LED.cpp">
      <Filter>Source Files\device\wiringpi</Filter>
    </ClCompile>
    <ClCompile Include="device\wiringpi\WP_MotionSensor.cpp">
      <Filter>Source Files\device\wiringpi</Filter>
    </ClCompile>
    <ClCompile Include="device\wiringpi\WP_TSL2561.cpp">
      <Filter>Source Files\device\wiringpi</Filter>
    </ClCompile>
    <ClCompile Include="device\LED.cpp">
      <Filter>Source Files\device</Filter>
    </ClCompile>
    <ClCompile Include="device\LightSensor.cpp">
      <Filter>Source Files\device</Filter>
    </ClCompile>
    <ClCompile Include="device\MotionSensor.cpp">
      <Filter>Source Files\device</Filter>
    </ClCompile>
    <ClCompile Include="device\DeviceManager.cpp">
      <Filter>Source Files\device</Filter>
    </ClCompile>
    <ClCompile Include="program\DeviceReader.cpp">
      <Filter>Source Files\program</Filter>
    </ClCompile>
  </ItemGroup>
</Project>